
Microsoft Visual Studio Solution File, Format Version 12.00
# Visual Studio 15
VisualStudioVersion = 15.0.27703.2047
MinimumVisualStudioVersion = 10.0.40219.1
Project("{FAE04EC0-301F-11D3-BF4B-00C04F79EFBC}") = "Checkpoint2", "Checkpoint2\Checkpoint2.csproj", "{946F84C8-5679-473A-A08F-B51FF076018E}"
EndProject
Global
	GlobalSection(SolutionConfigurationPlatforms) = preSolution
		Debug|Any CPU = Debug|Any CPU
		Release|Any CPU = Release|Any CPU
	EndGlobalSection
	GlobalSection(ProjectConfigurationPlatforms) = postSolution
		{946F84C8-5679-473A-A08F-B51FF076018E}.Debug|Any CPU.ActiveCfg = Debug|Any CPU
		{946F84C8-5679-473A-A08F-B51FF076018E}.Debug|Any CPU.Build.0 = Debug|Any CPU
		{946F84C8-5679-473A-A08F-B51FF076018E}.Release|Any CPU.ActiveCfg = Release|Any CPU
		{946F84C8-5679-473A-A08F-B51FF076018E}.Release|Any CPU.Build.0 = Release|Any CPU
	EndGlobalSection
	GlobalSection(SolutionProperties) = preSolution
		HideSolutionNode = FALSE
	EndGlobalSection
	GlobalSection(ExtensibilityGlobals) = postSolution
		SolutionGuid = {4CF3E789-B1B2-47AD-A119-5DB89559ECDA}
	EndGlobalSection
EndGlobal
