
Microsoft Visual Studio Solution File, Format Version 12.00
# Visual Studio 15
VisualStudioVersion = 15.0.28010.2019
MinimumVisualStudioVersion = 10.0.40219.1
Project("{FAE04EC0-301F-11D3-BF4B-00C04F79EFBC}") = "Lampor", "Lampor\Lampor.csproj", "{A3166DD3-CDBF-4C4E-BAAC-D8757827E138}"
EndProject
Global
	GlobalSection(SolutionConfigurationPlatforms) = preSolution
		Debug|Any CPU = Debug|Any CPU
		Release|Any CPU = Release|Any CPU
	EndGlobalSection
	GlobalSection(ProjectConfigurationPlatforms) = postSolution
		{A3166DD3-CDBF-4C4E-BAAC-D8757827E138}.Debug|Any CPU.ActiveCfg = Debug|Any CPU
		{A3166DD3-CDBF-4C4E-BAAC-D8757827E138}.Debug|Any CPU.Build.0 = Debug|Any CPU
		{A3166DD3-CDBF-4C4E-BAAC-D8757827E138}.Release|Any CPU.ActiveCfg = Release|Any CPU
		{A3166DD3-CDBF-4C4E-BAAC-D8757827E138}.Release|Any CPU.Build.0 = Release|Any CPU
	EndGlobalSection
	GlobalSection(SolutionProperties) = preSolution
		HideSolutionNode = FALSE
	EndGlobalSection
	GlobalSection(ExtensibilityGlobals) = postSolution
		SolutionGuid = {1667F535-0B7C-46EE-B3FE-3D95F6BF6B45}
	EndGlobalSection
EndGlobal
