
Microsoft Visual Studio Solution File, Format Version 12.00
# Visual Studio 15
VisualStudioVersion = 15.0.28307.271
MinimumVisualStudioVersion = 10.0.40219.1
Project("{FAE04EC0-301F-11D3-BF4B-00C04F79EFBC}") = "Xamarino.Android", "Xamarino\Xamarino.Android\Xamarino.Android.csproj", "{24CE3C36-16B9-426D-AA0C-5961ECF8D88C}"
EndProject
Project("{FAE04EC0-301F-11D3-BF4B-00C04F79EFBC}") = "Xamarino.iOS", "Xamarino\Xamarino.iOS\Xamarino.iOS.csproj", "{1E00D990-1AF5-4052-B551-CB351F2118F4}"
EndProject
Project("{FAE04EC0-301F-11D3-BF4B-00C04F79EFBC}") = "Xamarino.UWP", "Xamarino\Xamarino.UWP\Xamarino.UWP.csproj", "{289D9357-7EA0-477E-8008-3E776C2432A1}"
EndProject
Project("{FAE04EC0-301F-11D3-BF4B-00C04F79EFBC}") = "Xamarino", "Xamarino\Xamarino\Xamarino.csproj", "{C5235399-FC78-4708-B801-7BBA9664E219}"
EndProject
Global
	GlobalSection(SolutionConfigurationPlatforms) = preSolution
		Debug|Any CPU = Debug|Any CPU
		Debug|ARM = Debug|ARM
		Debug|iPhone = Debug|iPhone
		Debug|iPhoneSimulator = Debug|iPhoneSimulator
		Debug|x64 = Debug|x64
		Debug|x86 = Debug|x86
		Release|Any CPU = Release|Any CPU
		Release|ARM = Release|ARM
		Release|iPhone = Release|iPhone
		Release|iPhoneSimulator = Release|iPhoneSimulator
		Release|x64 = Release|x64
		Release|x86 = Release|x86
	EndGlobalSection
	GlobalSection(ProjectConfigurationPlatforms) = postSolution
		{24CE3C36-16B9-426D-AA0C-5961ECF8D88C}.Debug|Any CPU.ActiveCfg = Debug|Any CPU
		{24CE3C36-16B9-426D-AA0C-5961ECF8D88C}.Debug|Any CPU.Build.0 = Debug|Any CPU
		{24CE3C36-16B9-426D-AA0C-5961ECF8D88C}.Debug|Any CPU.Deploy.0 = Debug|Any CPU
		{24CE3C36-16B9-426D-AA0C-5961ECF8D88C}.Debug|ARM.ActiveCfg = Debug|Any CPU
		{24CE3C36-16B9-426D-AA0C-5961ECF8D88C}.Debug|ARM.Build.0 = Debug|Any CPU
		{24CE3C36-16B9-426D-AA0C-5961ECF8D88C}.Debug|ARM.Deploy.0 = Debug|Any CPU
		{24CE3C36-16B9-426D-AA0C-5961ECF8D88C}.Debug|iPhone.ActiveCfg = Debug|Any CPU
		{24CE3C36-16B9-426D-AA0C-5961ECF8D88C}.Debug|iPhone.Build.0 = Debug|Any CPU
		{24CE3C36-16B9-426D-AA0C-5961ECF8D88C}.Debug|iPhone.Deploy.0 = Debug|Any CPU
		{24CE3C36-16B9-426D-AA0C-5961ECF8D88C}.Debug|iPhoneSimulator.ActiveCfg = Debug|Any CPU
		{24CE3C36-16B9-426D-AA0C-5961ECF8D88C}.Debug|iPhoneSimulator.Build.0 = Debug|Any CPU
		{24CE3C36-16B9-426D-AA0C-5961ECF8D88C}.Debug|iPhoneSimulator.Deploy.0 = Debug|Any CPU
		{24CE3C36-16B9-426D-AA0C-5961ECF8D88C}.Debug|x64.ActiveCfg = Debug|Any CPU
		{24CE3C36-16B9-426D-AA0C-5961ECF8D88C}.Debug|x64.Build.0 = Debug|Any CPU
		{24CE3C36-16B9-426D-AA0C-5961ECF8D88C}.Debug|x64.Deploy.0 = Debug|Any CPU
		{24CE3C36-16B9-426D-AA0C-5961ECF8D88C}.Debug|x86.ActiveCfg = Debug|Any CPU
		{24CE3C36-16B9-426D-AA0C-5961ECF8D88C}.Debug|x86.Build.0 = Debug|Any CPU
		{24CE3C36-16B9-426D-AA0C-5961ECF8D88C}.Debug|x86.Deploy.0 = Debug|Any CPU
		{24CE3C36-16B9-426D-AA0C-5961ECF8D88C}.Release|Any CPU.ActiveCfg = Release|Any CPU
		{24CE3C36-16B9-426D-AA0C-5961ECF8D88C}.Release|Any CPU.Build.0 = Release|Any CPU
		{24CE3C36-16B9-426D-AA0C-5961ECF8D88C}.Release|Any CPU.Deploy.0 = Release|Any CPU
		{24CE3C36-16B9-426D-AA0C-5961ECF8D88C}.Release|ARM.ActiveCfg = Release|Any CPU
		{24CE3C36-16B9-426D-AA0C-5961ECF8D88C}.Release|ARM.Build.0 = Release|Any CPU
		{24CE3C36-16B9-426D-AA0C-5961ECF8D88C}.Release|ARM.Deploy.0 = Release|Any CPU
		{24CE3C36-16B9-426D-AA0C-5961ECF8D88C}.Release|iPhone.ActiveCfg = Release|Any CPU
		{24CE3C36-16B9-426D-AA0C-5961ECF8D88C}.Release|iPhone.Build.0 = Release|Any CPU
		{24CE3C36-16B9-426D-AA0C-5961ECF8D88C}.Release|iPhone.Deploy.0 = Release|Any CPU
		{24CE3C36-16B9-426D-AA0C-5961ECF8D88C}.Release|iPhoneSimulator.ActiveCfg = Release|Any CPU
		{24CE3C36-16B9-426D-AA0C-5961ECF8D88C}.Release|iPhoneSimulator.Build.0 = Release|Any CPU
		{24CE3C36-16B9-426D-AA0C-5961ECF8D88C}.Release|iPhoneSimulator.Deploy.0 = Release|Any CPU
		{24CE3C36-16B9-426D-AA0C-5961ECF8D88C}.Release|x64.ActiveCfg = Release|Any CPU
		{24CE3C36-16B9-426D-AA0C-5961ECF8D88C}.Release|x64.Build.0 = Release|Any CPU
		{24CE3C36-16B9-426D-AA0C-5961ECF8D88C}.Release|x64.Deploy.0 = Release|Any CPU
		{24CE3C36-16B9-426D-AA0C-5961ECF8D88C}.Release|x86.ActiveCfg = Release|Any CPU
		{24CE3C36-16B9-426D-AA0C-5961ECF8D88C}.Release|x86.Build.0 = Release|Any CPU
		{24CE3C36-16B9-426D-AA0C-5961ECF8D88C}.Release|x86.Deploy.0 = Release|Any CPU
		{1E00D990-1AF5-4052-B551-CB351F2118F4}.Debug|Any CPU.ActiveCfg = Debug|iPhoneSimulator
		{1E00D990-1AF5-4052-B551-CB351F2118F4}.Debug|Any CPU.Build.0 = Debug|iPhoneSimulator
		{1E00D990-1AF5-4052-B551-CB351F2118F4}.Debug|Any CPU.Deploy.0 = Debug|iPhoneSimulator
		{1E00D990-1AF5-4052-B551-CB351F2118F4}.Debug|ARM.ActiveCfg = Debug|iPhone
		{1E00D990-1AF5-4052-B551-CB351F2118F4}.Debug|ARM.Build.0 = Debug|iPhone
		{1E00D990-1AF5-4052-B551-CB351F2118F4}.Debug|ARM.Deploy.0 = Debug|iPhone
		{1E00D990-1AF5-4052-B551-CB351F2118F4}.Debug|iPhone.ActiveCfg = Debug|iPhone
		{1E00D990-1AF5-4052-B551-CB351F2118F4}.Debug|iPhone.Build.0 = Debug|iPhone
		{1E00D990-1AF5-4052-B551-CB351F2118F4}.Debug|iPhone.Deploy.0 = Debug|iPhone
		{1E00D990-1AF5-4052-B551-CB351F2118F4}.Debug|iPhoneSimulator.ActiveCfg = Debug|iPhoneSimulator
		{1E00D990-1AF5-4052-B551-CB351F2118F4}.Debug|iPhoneSimulator.Build.0 = Debug|iPhoneSimulator
		{1E00D990-1AF5-4052-B551-CB351F2118F4}.Debug|iPhoneSimulator.Deploy.0 = Debug|iPhoneSimulator
		{1E00D990-1AF5-4052-B551-CB351F2118F4}.Debug|x64.ActiveCfg = Debug|iPhone
		{1E00D990-1AF5-4052-B551-CB351F2118F4}.Debug|x64.Build.0 = Debug|iPhone
		{1E00D990-1AF5-4052-B551-CB351F2118F4}.Debug|x64.Deploy.0 = Debug|iPhone
		{1E00D990-1AF5-4052-B551-CB351F2118F4}.Debug|x86.ActiveCfg = Debug|iPhone
		{1E00D990-1AF5-4052-B551-CB351F2118F4}.Debug|x86.Build.0 = Debug|iPhone
		{1E00D990-1AF5-4052-B551-CB351F2118F4}.Debug|x86.Deploy.0 = Debug|iPhone
		{1E00D990-1AF5-4052-B551-CB351F2118F4}.Release|Any CPU.ActiveCfg = Release|iPhone
		{1E00D990-1AF5-4052-B551-CB351F2118F4}.Release|Any CPU.Build.0 = Release|iPhone
		{1E00D990-1AF5-4052-B551-CB351F2118F4}.Release|Any CPU.Deploy.0 = Release|iPhone
		{1E00D990-1AF5-4052-B551-CB351F2118F4}.Release|ARM.ActiveCfg = Release|iPhone
		{1E00D990-1AF5-4052-B551-CB351F2118F4}.Release|ARM.Build.0 = Release|iPhone
		{1E00D990-1AF5-4052-B551-CB351F2118F4}.Release|ARM.Deploy.0 = Release|iPhone
		{1E00D990-1AF5-4052-B551-CB351F2118F4}.Release|iPhone.ActiveCfg = Release|iPhone
		{1E00D990-1AF5-4052-B551-CB351F2118F4}.Release|iPhone.Build.0 = Release|iPhone
		{1E00D990-1AF5-4052-B551-CB351F2118F4}.Release|iPhone.Deploy.0 = Release|iPhone
		{1E00D990-1AF5-4052-B551-CB351F2118F4}.Release|iPhoneSimulator.ActiveCfg = Release|iPhoneSimulator
		{1E00D990-1AF5-4052-B551-CB351F2118F4}.Release|iPhoneSimulator.Build.0 = Release|iPhoneSimulator
		{1E00D990-1AF5-4052-B551-CB351F2118F4}.Release|iPhoneSimulator.Deploy.0 = Release|iPhoneSimulator
		{1E00D990-1AF5-4052-B551-CB351F2118F4}.Release|x64.ActiveCfg = Release|iPhone
		{1E00D990-1AF5-4052-B551-CB351F2118F4}.Release|x64.Build.0 = Release|iPhone
		{1E00D990-1AF5-4052-B551-CB351F2118F4}.Release|x64.Deploy.0 = Release|iPhone
		{1E00D990-1AF5-4052-B551-CB351F2118F4}.Release|x86.ActiveCfg = Release|iPhone
		{1E00D990-1AF5-4052-B551-CB351F2118F4}.Release|x86.Build.0 = Release|iPhone
		{1E00D990-1AF5-4052-B551-CB351F2118F4}.Release|x86.Deploy.0 = Release|iPhone
		{289D9357-7EA0-477E-8008-3E776C2432A1}.Debug|Any CPU.ActiveCfg = Debug|x86
		{289D9357-7EA0-477E-8008-3E776C2432A1}.Debug|Any CPU.Build.0 = Debug|x86
		{289D9357-7EA0-477E-8008-3E776C2432A1}.Debug|Any CPU.Deploy.0 = Debug|x86
		{289D9357-7EA0-477E-8008-3E776C2432A1}.Debug|ARM.ActiveCfg = Debug|ARM
		{289D9357-7EA0-477E-8008-3E776C2432A1}.Debug|ARM.Build.0 = Debug|ARM
		{289D9357-7EA0-477E-8008-3E776C2432A1}.Debug|ARM.Deploy.0 = Debug|ARM
		{289D9357-7EA0-477E-8008-3E776C2432A1}.Debug|iPhone.ActiveCfg = Debug|x86
		{289D9357-7EA0-477E-8008-3E776C2432A1}.Debug|iPhone.Build.0 = Debug|x86
		{289D9357-7EA0-477E-8008-3E776C2432A1}.Debug|iPhone.Deploy.0 = Debug|x86
		{289D9357-7EA0-477E-8008-3E776C2432A1}.Debug|iPhoneSimulator.ActiveCfg = Debug|x86
		{289D9357-7EA0-477E-8008-3E776C2432A1}.Debug|iPhoneSimulator.Build.0 = Debug|x86
		{289D9357-7EA0-477E-8008-3E776C2432A1}.Debug|iPhoneSimulator.Deploy.0 = Debug|x86
		{289D9357-7EA0-477E-8008-3E776C2432A1}.Debug|x64.ActiveCfg = Debug|x64
		{289D9357-7EA0-477E-8008-3E776C2432A1}.Debug|x64.Build.0 = Debug|x64
		{289D9357-7EA0-477E-8008-3E776C2432A1}.Debug|x64.Deploy.0 = Debug|x64
		{289D9357-7EA0-477E-8008-3E776C2432A1}.Debug|x86.ActiveCfg = Debug|x86
		{289D9357-7EA0-477E-8008-3E776C2432A1}.Debug|x86.Build.0 = Debug|x86
		{289D9357-7EA0-477E-8008-3E776C2432A1}.Debug|x86.Deploy.0 = Debug|x86
		{289D9357-7EA0-477E-8008-3E776C2432A1}.Release|Any CPU.ActiveCfg = Release|x86
		{289D9357-7EA0-477E-8008-3E776C2432A1}.Release|Any CPU.Build.0 = Release|x86
		{289D9357-7EA0-477E-8008-3E776C2432A1}.Release|Any CPU.Deploy.0 = Release|x86
		{289D9357-7EA0-477E-8008-3E776C2432A1}.Release|ARM.ActiveCfg = Release|ARM
		{289D9357-7EA0-477E-8008-3E776C2432A1}.Release|ARM.Build.0 = Release|ARM
		{289D9357-7EA0-477E-8008-3E776C2432A1}.Release|ARM.Deploy.0 = Release|ARM
		{289D9357-7EA0-477E-8008-3E776C2432A1}.Release|iPhone.ActiveCfg = Release|x86
		{289D9357-7EA0-477E-8008-3E776C2432A1}.Release|iPhone.Build.0 = Release|x86
		{289D9357-7EA0-477E-8008-3E776C2432A1}.Release|iPhone.Deploy.0 = Release|x86
		{289D9357-7EA0-477E-8008-3E776C2432A1}.Release|iPhoneSimulator.ActiveCfg = Release|x86
		{289D9357-7EA0-477E-8008-3E776C2432A1}.Release|iPhoneSimulator.Build.0 = Release|x86
		{289D9357-7EA0-477E-8008-3E776C2432A1}.Release|iPhoneSimulator.Deploy.0 = Release|x86
		{289D9357-7EA0-477E-8008-3E776C2432A1}.Release|x64.ActiveCfg = Release|x64
		{289D9357-7EA0-477E-8008-3E776C2432A1}.Release|x64.Build.0 = Release|x64
		{289D9357-7EA0-477E-8008-3E776C2432A1}.Release|x64.Deploy.0 = Release|x64
		{289D9357-7EA0-477E-8008-3E776C2432A1}.Release|x86.ActiveCfg = Release|x86
		{289D9357-7EA0-477E-8008-3E776C2432A1}.Release|x86.Build.0 = Release|x86
		{289D9357-7EA0-477E-8008-3E776C2432A1}.Release|x86.Deploy.0 = Release|x86
		{C5235399-FC78-4708-B801-7BBA9664E219}.Debug|Any CPU.ActiveCfg = Debug|Any CPU
		{C5235399-FC78-4708-B801-7BBA9664E219}.Debug|Any CPU.Build.0 = Debug|Any CPU
		{C5235399-FC78-4708-B801-7BBA9664E219}.Debug|Any CPU.Deploy.0 = Debug|Any CPU
		{C5235399-FC78-4708-B801-7BBA9664E219}.Debug|ARM.ActiveCfg = Debug|Any CPU
		{C5235399-FC78-4708-B801-7BBA9664E219}.Debug|ARM.Build.0 = Debug|Any CPU
		{C5235399-FC78-4708-B801-7BBA9664E219}.Debug|ARM.Deploy.0 = Debug|Any CPU
		{C5235399-FC78-4708-B801-7BBA9664E219}.Debug|iPhone.ActiveCfg = Debug|Any CPU
		{C5235399-FC78-4708-B801-7BBA9664E219}.Debug|iPhone.Build.0 = Debug|Any CPU
		{C5235399-FC78-4708-B801-7BBA9664E219}.Debug|iPhone.Deploy.0 = Debug|Any CPU
		{C5235399-FC78-4708-B801-7BBA9664E219}.Debug|iPhoneSimulator.ActiveCfg = Debug|Any CPU
		{C5235399-FC78-4708-B801-7BBA9664E219}.Debug|iPhoneSimulator.Build.0 = Debug|Any CPU
		{C5235399-FC78-4708-B801-7BBA9664E219}.Debug|iPhoneSimulator.Deploy.0 = Debug|Any CPU
		{C5235399-FC78-4708-B801-7BBA9664E219}.Debug|x64.ActiveCfg = Debug|Any CPU
		{C5235399-FC78-4708-B801-7BBA9664E219}.Debug|x64.Build.0 = Debug|Any CPU
		{C5235399-FC78-4708-B801-7BBA9664E219}.Debug|x64.Deploy.0 = Debug|Any CPU
		{C5235399-FC78-4708-B801-7BBA9664E219}.Debug|x86.ActiveCfg = Debug|Any CPU
		{C5235399-FC78-4708-B801-7BBA9664E219}.Debug|x86.Build.0 = Debug|Any CPU
		{C5235399-FC78-4708-B801-7BBA9664E219}.Debug|x86.Deploy.0 = Debug|Any CPU
		{C5235399-FC78-4708-B801-7BBA9664E219}.Release|Any CPU.ActiveCfg = Release|Any CPU
		{C5235399-FC78-4708-B801-7BBA9664E219}.Release|Any CPU.Build.0 = Release|Any CPU
		{C5235399-FC78-4708-B801-7BBA9664E219}.Release|Any CPU.Deploy.0 = Release|Any CPU
		{C5235399-FC78-4708-B801-7BBA9664E219}.Release|ARM.ActiveCfg = Release|Any CPU
		{C5235399-FC78-4708-B801-7BBA9664E219}.Release|ARM.Build.0 = Release|Any CPU
		{C5235399-FC78-4708-B801-7BBA9664E219}.Release|ARM.Deploy.0 = Release|Any CPU
		{C5235399-FC78-4708-B801-7BBA9664E219}.Release|iPhone.ActiveCfg = Release|Any CPU
		{C5235399-FC78-4708-B801-7BBA9664E219}.Release|iPhone.Build.0 = Release|Any CPU
		{C5235399-FC78-4708-B801-7BBA9664E219}.Release|iPhone.Deploy.0 = Release|Any CPU
		{C5235399-FC78-4708-B801-7BBA9664E219}.Release|iPhoneSimulator.ActiveCfg = Release|Any CPU
		{C5235399-FC78-4708-B801-7BBA9664E219}.Release|iPhoneSimulator.Build.0 = Release|Any CPU
		{C5235399-FC78-4708-B801-7BBA9664E219}.Release|iPhoneSimulator.Deploy.0 = Release|Any CPU
		{C5235399-FC78-4708-B801-7BBA9664E219}.Release|x64.ActiveCfg = Release|Any CPU
		{C5235399-FC78-4708-B801-7BBA9664E219}.Release|x64.Build.0 = Release|Any CPU
		{C5235399-FC78-4708-B801-7BBA9664E219}.Release|x64.Deploy.0 = Release|Any CPU
		{C5235399-FC78-4708-B801-7BBA9664E219}.Release|x86.ActiveCfg = Release|Any CPU
		{C5235399-FC78-4708-B801-7BBA9664E219}.Release|x86.Build.0 = Release|Any CPU
		{C5235399-FC78-4708-B801-7BBA9664E219}.Release|x86.Deploy.0 = Release|Any CPU
	EndGlobalSection
	GlobalSection(SolutionProperties) = preSolution
		HideSolutionNode = FALSE
	EndGlobalSection
	GlobalSection(ExtensibilityGlobals) = postSolution
		SolutionGuid = {69ED22BC-7474-4818-93C3-B04D0775B173}
	EndGlobalSection
EndGlobal
