
Microsoft Visual Studio Solution File, Format Version 12.00
# Visual Studio 15
VisualStudioVersion = 15.0.28307.271
MinimumVisualStudioVersion = 10.0.40219.1
Project("{FAE04EC0-301F-11D3-BF4B-00C04F79EFBC}") = "App2.Android", "App2\App2.Android\App2.Android.csproj", "{54CC1A49-5450-4960-9FEC-7627D1A5FCA3}"
EndProject
Project("{FAE04EC0-301F-11D3-BF4B-00C04F79EFBC}") = "App2", "App2\App2\App2.csproj", "{B4F7C395-7657-4B0A-A8E7-CF7D9AA1D2DC}"
EndProject
Global
	GlobalSection(SolutionConfigurationPlatforms) = preSolution
		Debug|Any CPU = Debug|Any CPU
		Release|Any CPU = Release|Any CPU
	EndGlobalSection
	GlobalSection(ProjectConfigurationPlatforms) = postSolution
		{54CC1A49-5450-4960-9FEC-7627D1A5FCA3}.Debug|Any CPU.ActiveCfg = Debug|Any CPU
		{54CC1A49-5450-4960-9FEC-7627D1A5FCA3}.Debug|Any CPU.Build.0 = Debug|Any CPU
		{54CC1A49-5450-4960-9FEC-7627D1A5FCA3}.Debug|Any CPU.Deploy.0 = Debug|Any CPU
		{54CC1A49-5450-4960-9FEC-7627D1A5FCA3}.Release|Any CPU.ActiveCfg = Release|Any CPU
		{54CC1A49-5450-4960-9FEC-7627D1A5FCA3}.Release|Any CPU.Build.0 = Release|Any CPU
		{54CC1A49-5450-4960-9FEC-7627D1A5FCA3}.Release|Any CPU.Deploy.0 = Release|Any CPU
		{B4F7C395-7657-4B0A-A8E7-CF7D9AA1D2DC}.Debug|Any CPU.ActiveCfg = Debug|Any CPU
		{B4F7C395-7657-4B0A-A8E7-CF7D9AA1D2DC}.Debug|Any CPU.Build.0 = Debug|Any CPU
		{B4F7C395-7657-4B0A-A8E7-CF7D9AA1D2DC}.Release|Any CPU.ActiveCfg = Release|Any CPU
		{B4F7C395-7657-4B0A-A8E7-CF7D9AA1D2DC}.Release|Any CPU.Build.0 = Release|Any CPU
	EndGlobalSection
	GlobalSection(SolutionProperties) = preSolution
		HideSolutionNode = FALSE
	EndGlobalSection
	GlobalSection(ExtensibilityGlobals) = postSolution
		SolutionGuid = {D196E74D-2992-4462-BFF1-4EBB73E3FC58}
	EndGlobalSection
EndGlobal
