
Microsoft Visual Studio Solution File, Format Version 12.00
# Visual Studio 15
VisualStudioVersion = 15.0.28010.2019
MinimumVisualStudioVersion = 10.0.40219.1
Project("{9A19103F-16F7-4668-BE54-9A1E7A4F7556}") = "Onlinestore", "Onlinestore\Onlinestore.csproj", "{2800EC9D-F59A-4407-A97C-2070BF4539B8}"
EndProject
Project("{FAE04EC0-301F-11D3-BF4B-00C04F79EFBC}") = "Testmiljö", "Testmiljö\Testmiljö.csproj", "{6C7FBBC4-A9D3-47AD-ABC2-22AE405FDFA7}"
EndProject
Project("{FAE04EC0-301F-11D3-BF4B-00C04F79EFBC}") = "Common", "Common\Common.csproj", "{7B58B5B5-D993-4D8D-A1DF-5A584FA3D12E}"
EndProject
Project("{FAE04EC0-301F-11D3-BF4B-00C04F79EFBC}") = "Common.test", "Common.test\Common.test.csproj", "{EF3A8905-CA50-40EE-826A-434E363FA4A5}"
EndProject
Global
	GlobalSection(SolutionConfigurationPlatforms) = preSolution
		Debug|Any CPU = Debug|Any CPU
		Release|Any CPU = Release|Any CPU
	EndGlobalSection
	GlobalSection(ProjectConfigurationPlatforms) = postSolution
		{2800EC9D-F59A-4407-A97C-2070BF4539B8}.Debug|Any CPU.ActiveCfg = Debug|Any CPU
		{2800EC9D-F59A-4407-A97C-2070BF4539B8}.Debug|Any CPU.Build.0 = Debug|Any CPU
		{2800EC9D-F59A-4407-A97C-2070BF4539B8}.Release|Any CPU.ActiveCfg = Release|Any CPU
		{2800EC9D-F59A-4407-A97C-2070BF4539B8}.Release|Any CPU.Build.0 = Release|Any CPU
		{6C7FBBC4-A9D3-47AD-ABC2-22AE405FDFA7}.Debug|Any CPU.ActiveCfg = Debug|Any CPU
		{6C7FBBC4-A9D3-47AD-ABC2-22AE405FDFA7}.Debug|Any CPU.Build.0 = Debug|Any CPU
		{6C7FBBC4-A9D3-47AD-ABC2-22AE405FDFA7}.Release|Any CPU.ActiveCfg = Release|Any CPU
		{6C7FBBC4-A9D3-47AD-ABC2-22AE405FDFA7}.Release|Any CPU.Build.0 = Release|Any CPU
		{7B58B5B5-D993-4D8D-A1DF-5A584FA3D12E}.Debug|Any CPU.ActiveCfg = Debug|Any CPU
		{7B58B5B5-D993-4D8D-A1DF-5A584FA3D12E}.Debug|Any CPU.Build.0 = Debug|Any CPU
		{7B58B5B5-D993-4D8D-A1DF-5A584FA3D12E}.Release|Any CPU.ActiveCfg = Release|Any CPU
		{7B58B5B5-D993-4D8D-A1DF-5A584FA3D12E}.Release|Any CPU.Build.0 = Release|Any CPU
		{EF3A8905-CA50-40EE-826A-434E363FA4A5}.Debug|Any CPU.ActiveCfg = Debug|Any CPU
		{EF3A8905-CA50-40EE-826A-434E363FA4A5}.Debug|Any CPU.Build.0 = Debug|Any CPU
		{EF3A8905-CA50-40EE-826A-434E363FA4A5}.Release|Any CPU.ActiveCfg = Release|Any CPU
		{EF3A8905-CA50-40EE-826A-434E363FA4A5}.Release|Any CPU.Build.0 = Release|Any CPU
	EndGlobalSection
	GlobalSection(SolutionProperties) = preSolution
		HideSolutionNode = FALSE
	EndGlobalSection
	GlobalSection(ExtensibilityGlobals) = postSolution
		SolutionGuid = {49A75690-0630-45C5-B060-689B3A912EBB}
	EndGlobalSection
EndGlobal
