
Microsoft Visual Studio Solution File, Format Version 12.00
# Visual Studio 15
VisualStudioVersion = 15.0.28010.2041
MinimumVisualStudioVersion = 10.0.40219.1
Project("{FAE04EC0-301F-11D3-BF4B-00C04F79EFBC}") = "ConsoleApp6", "ConsoleApp6\ConsoleApp6.csproj", "{ABAFF96C-6B19-41DC-875D-CCDDB489B938}"
EndProject
Global
	GlobalSection(SolutionConfigurationPlatforms) = preSolution
		Debug|Any CPU = Debug|Any CPU
		Release|Any CPU = Release|Any CPU
	EndGlobalSection
	GlobalSection(ProjectConfigurationPlatforms) = postSolution
		{ABAFF96C-6B19-41DC-875D-CCDDB489B938}.Debug|Any CPU.ActiveCfg = Debug|Any CPU
		{ABAFF96C-6B19-41DC-875D-CCDDB489B938}.Debug|Any CPU.Build.0 = Debug|Any CPU
		{ABAFF96C-6B19-41DC-875D-CCDDB489B938}.Release|Any CPU.ActiveCfg = Release|Any CPU
		{ABAFF96C-6B19-41DC-875D-CCDDB489B938}.Release|Any CPU.Build.0 = Release|Any CPU
	EndGlobalSection
	GlobalSection(SolutionProperties) = preSolution
		HideSolutionNode = FALSE
	EndGlobalSection
	GlobalSection(ExtensibilityGlobals) = postSolution
		SolutionGuid = {AE8E507F-4D5D-4682-80A2-0271E0605103}
	EndGlobalSection
EndGlobal
