
Microsoft Visual Studio Solution File, Format Version 12.00
# Visual Studio 15
VisualStudioVersion = 15.0.27703.2047
MinimumVisualStudioVersion = 10.0.40219.1
Project("{FAE04EC0-301F-11D3-BF4B-00C04F79EFBC}") = "Quicktesting", "Quicktesting\Quicktesting.csproj", "{AC717E3F-A667-4578-BB1B-365D84D8D25A}"
EndProject
Global
	GlobalSection(SolutionConfigurationPlatforms) = preSolution
		Debug|Any CPU = Debug|Any CPU
		Release|Any CPU = Release|Any CPU
	EndGlobalSection
	GlobalSection(ProjectConfigurationPlatforms) = postSolution
		{AC717E3F-A667-4578-BB1B-365D84D8D25A}.Debug|Any CPU.ActiveCfg = Debug|Any CPU
		{AC717E3F-A667-4578-BB1B-365D84D8D25A}.Debug|Any CPU.Build.0 = Debug|Any CPU
		{AC717E3F-A667-4578-BB1B-365D84D8D25A}.Release|Any CPU.ActiveCfg = Release|Any CPU
		{AC717E3F-A667-4578-BB1B-365D84D8D25A}.Release|Any CPU.Build.0 = Release|Any CPU
	EndGlobalSection
	GlobalSection(SolutionProperties) = preSolution
		HideSolutionNode = FALSE
	EndGlobalSection
	GlobalSection(ExtensibilityGlobals) = postSolution
		SolutionGuid = {A526CE22-4C9F-44E0-8FD6-E81F4B874BDA}
	EndGlobalSection
EndGlobal
