
Microsoft Visual Studio Solution File, Format Version 12.00
# Visual Studio 15
VisualStudioVersion = 15.0.28010.2041
MinimumVisualStudioVersion = 10.0.40219.1
Project("{FAE04EC0-301F-11D3-BF4B-00C04F79EFBC}") = "Bilar", "Bilar\Bilar.csproj", "{B6E6BEC6-E777-4E5F-99C4-CD888933F4C4}"
EndProject
Global
	GlobalSection(SolutionConfigurationPlatforms) = preSolution
		Debug|Any CPU = Debug|Any CPU
		Release|Any CPU = Release|Any CPU
	EndGlobalSection
	GlobalSection(ProjectConfigurationPlatforms) = postSolution
		{B6E6BEC6-E777-4E5F-99C4-CD888933F4C4}.Debug|Any CPU.ActiveCfg = Debug|Any CPU
		{B6E6BEC6-E777-4E5F-99C4-CD888933F4C4}.Debug|Any CPU.Build.0 = Debug|Any CPU
		{B6E6BEC6-E777-4E5F-99C4-CD888933F4C4}.Release|Any CPU.ActiveCfg = Release|Any CPU
		{B6E6BEC6-E777-4E5F-99C4-CD888933F4C4}.Release|Any CPU.Build.0 = Release|Any CPU
	EndGlobalSection
	GlobalSection(SolutionProperties) = preSolution
		HideSolutionNode = FALSE
	EndGlobalSection
	GlobalSection(ExtensibilityGlobals) = postSolution
		SolutionGuid = {5FEFD110-D60C-4D4E-BBED-0EC79B4F89B4}
	EndGlobalSection
EndGlobal
