
Microsoft Visual Studio Solution File, Format Version 12.00
# Visual Studio 15
VisualStudioVersion = 15.0.27703.2047
MinimumVisualStudioVersion = 10.0.40219.1
Project("{FAE04EC0-301F-11D3-BF4B-00C04F79EFBC}") = "Animal exceptions", "Animal exceptions\Animal exceptions.csproj", "{862413BB-A9D9-402C-9A67-C0C1376F0906}"
EndProject
Global
	GlobalSection(SolutionConfigurationPlatforms) = preSolution
		Debug|Any CPU = Debug|Any CPU
		Release|Any CPU = Release|Any CPU
	EndGlobalSection
	GlobalSection(ProjectConfigurationPlatforms) = postSolution
		{862413BB-A9D9-402C-9A67-C0C1376F0906}.Debug|Any CPU.ActiveCfg = Debug|Any CPU
		{862413BB-A9D9-402C-9A67-C0C1376F0906}.Debug|Any CPU.Build.0 = Debug|Any CPU
		{862413BB-A9D9-402C-9A67-C0C1376F0906}.Release|Any CPU.ActiveCfg = Release|Any CPU
		{862413BB-A9D9-402C-9A67-C0C1376F0906}.Release|Any CPU.Build.0 = Release|Any CPU
	EndGlobalSection
	GlobalSection(SolutionProperties) = preSolution
		HideSolutionNode = FALSE
	EndGlobalSection
	GlobalSection(ExtensibilityGlobals) = postSolution
		SolutionGuid = {131B4D1A-E49B-466C-AC3B-1222FFDC90FB}
	EndGlobalSection
EndGlobal
